// !$*UTF8*$!
{
	archiveVersion = 1;
	classes = {
	};
	objectVersion = 46;
	objects = {

/* Begin PBXBuildFile section */
		607E92E5AFE31D9F5F524A49 /* Pods_SpiralSDK_Example.framework in Frameworks */ = {isa = PBXBuildFile; fileRef = 9B4A48770C6C252A8D4EC5DA /* Pods_SpiralSDK_Example.framework */; };
		607FACD61AFB9204008FA782 /* AppDelegate.swift in Sources */ = {isa = PBXBuildFile; fileRef = 607FACD51AFB9204008FA782 /* AppDelegate.swift */; };
		607FACDB1AFB9204008FA782 /* Main.storyboard in Resources */ = {isa = PBXBuildFile; fileRef = 607FACD91AFB9204008FA782 /* Main.storyboard */; };
		607FACDD1AFB9204008FA782 /* Images.xcassets in Resources */ = {isa = PBXBuildFile; fileRef = 607FACDC1AFB9204008FA782 /* Images.xcassets */; };
		607FACE01AFB9204008FA782 /* LaunchScreen.xib in Resources */ = {isa = PBXBuildFile; fileRef = 607FACDE1AFB9204008FA782 /* LaunchScreen.xib */; };
		607FACEC1AFB9204008FA782 /* Tests.swift in Sources */ = {isa = PBXBuildFile; fileRef = 607FACEB1AFB9204008FA782 /* Tests.swift */; };
		6EF8EE36AAE269BB7738127D /* Pods_SpiralSDK_Tests.framework in Frameworks */ = {isa = PBXBuildFile; fileRef = 8F79DA35BA9C7110E6AB2A3E /* Pods_SpiralSDK_Tests.framework */; };
		D50E5BF826B9F43800593628 /* EventsTableViewController.swift in Sources */ = {isa = PBXBuildFile; fileRef = D50E5BF726B9F43800593628 /* EventsTableViewController.swift */; };
		D50E5BFA26B9F4E200593628 /* EventData.swift in Sources */ = {isa = PBXBuildFile; fileRef = D50E5BF926B9F4E200593628 /* EventData.swift */; };
		D516B5FA2564C86600380041 /* SpiralToken.swift in Sources */ = {isa = PBXBuildFile; fileRef = D516B5F92564C86600380041 /* SpiralToken.swift */; };
		D5C130E226B857F8009AE1F9 /* SpiralSDK_ExampleUITests.swift in Sources */ = {isa = PBXBuildFile; fileRef = D5C130E126B857F8009AE1F9 /* SpiralSDK_ExampleUITests.swift */; };
		D5F789CD25675E84003E6485 /* SpiralConfigTableViewController.swift in Sources */ = {isa = PBXBuildFile; fileRef = D5F789CC25675E84003E6485 /* SpiralConfigTableViewController.swift */; };
		D5F789D725677CF8003E6485 /* ConfigEntryViewController.swift in Sources */ = {isa = PBXBuildFile; fileRef = D5F789D625677CF8003E6485 /* ConfigEntryViewController.swift */; };
		F53B63CF291AF61000A76C5F /* ImpactSummaryCard.swift in Sources */ = {isa = PBXBuildFile; fileRef = F53B63CE291AF61000A76C5F /* ImpactSummaryCard.swift */; };
		F53B63D0291AF61000A76C5F /* ImpactSummaryCard.swift in Sources */ = {isa = PBXBuildFile; fileRef = F53B63CE291AF61000A76C5F /* ImpactSummaryCard.swift */; };
		F5B6C50429252DDE00086C7F /* impactSummaryCard.json in Resources */ = {isa = PBXBuildFile; fileRef = F5B6C50329252DDE00086C7F /* impactSummaryCard.json */; };
		F5B6C50529252DDE00086C7F /* impactSummaryCard.json in Resources */ = {isa = PBXBuildFile; fileRef = F5B6C50329252DDE00086C7F /* impactSummaryCard.json */; };
		F5BD6D702901C18200A5E5CE /* TestModalCard.swift in Sources */ = {isa = PBXBuildFile; fileRef = F5BD6D6A2901C18100A5E5CE /* TestModalCard.swift */; };
		F5BD6D712901C18200A5E5CE /* TestModalCard.swift in Sources */ = {isa = PBXBuildFile; fileRef = F5BD6D6A2901C18100A5E5CE /* TestModalCard.swift */; };
		F5BD6D722901C18200A5E5CE /* TestHtmlCard.swift in Sources */ = {isa = PBXBuildFile; fileRef = F5BD6D6B2901C18100A5E5CE /* TestHtmlCard.swift */; };
		F5BD6D732901C18200A5E5CE /* TestHtmlCard.swift in Sources */ = {isa = PBXBuildFile; fileRef = F5BD6D6B2901C18100A5E5CE /* TestHtmlCard.swift */; };
		F5BD6D742901C18200A5E5CE /* StJudeCard.swift in Sources */ = {isa = PBXBuildFile; fileRef = F5BD6D6C2901C18100A5E5CE /* StJudeCard.swift */; };
		F5BD6D752901C18200A5E5CE /* StJudeCard.swift in Sources */ = {isa = PBXBuildFile; fileRef = F5BD6D6C2901C18100A5E5CE /* StJudeCard.swift */; };
		F5BD6D762901C18200A5E5CE /* stJudeCard.json in Resources */ = {isa = PBXBuildFile; fileRef = F5BD6D6D2901C18100A5E5CE /* stJudeCard.json */; };
		F5BD6D772901C18200A5E5CE /* stJudeCard.json in Resources */ = {isa = PBXBuildFile; fileRef = F5BD6D6D2901C18100A5E5CE /* stJudeCard.json */; };
		F5BD6D782901C18200A5E5CE /* testHtmlCard.json in Resources */ = {isa = PBXBuildFile; fileRef = F5BD6D6E2901C18100A5E5CE /* testHtmlCard.json */; };
		F5BD6D792901C18200A5E5CE /* testHtmlCard.json in Resources */ = {isa = PBXBuildFile; fileRef = F5BD6D6E2901C18100A5E5CE /* testHtmlCard.json */; };
		F5BD6D7A2901C18200A5E5CE /* GenericCardTestFacility.swift in Sources */ = {isa = PBXBuildFile; fileRef = F5BD6D6F2901C18100A5E5CE /* GenericCardTestFacility.swift */; };
		F5BD6D7B2901C18200A5E5CE /* GenericCardTestFacility.swift in Sources */ = {isa = PBXBuildFile; fileRef = F5BD6D6F2901C18100A5E5CE /* GenericCardTestFacility.swift */; };
/* End PBXBuildFile section */

/* Begin PBXBuildRule section */
		D50DCB7D26D0176900749B5A /* PBXBuildRule */ = {
			isa = PBXBuildRule;
			compilerSpec = com.apple.compilers.proxy.script;
			filePatterns = "*.gyb";
			fileType = pattern.proxy;
			inputFiles = (
			);
			isEditable = 1;
			outputFiles = (
				"$(DERIVED_FILE_DIR)/$(INPUT_FILE_BASE)",
			);
			script = "# Type a script or drag a script file from your workspace to insert its path.\n\"${PROJECT_DIR}/../scripts/gyb\" --line-directive '' -o \"${DERIVED_FILE_DIR}/${INPUT_FILE_BASE}\" \"${INPUT_FILE_PATH}\"\n";
		};
/* End PBXBuildRule section */

/* Begin PBXContainerItemProxy section */
		607FACE61AFB9204008FA782 /* PBXContainerItemProxy */ = {
			isa = PBXContainerItemProxy;
			containerPortal = 607FACC81AFB9204008FA782 /* Project object */;
			proxyType = 1;
			remoteGlobalIDString = 607FACCF1AFB9204008FA782;
			remoteInfo = SpiralSDK;
		};
		D5C130E426B857F8009AE1F9 /* PBXContainerItemProxy */ = {
			isa = PBXContainerItemProxy;
			containerPortal = 607FACC81AFB9204008FA782 /* Project object */;
			proxyType = 1;
			remoteGlobalIDString = 607FACCF1AFB9204008FA782;
			remoteInfo = SpiralSDK_Example;
		};
/* End PBXContainerItemProxy section */

/* Begin PBXFileReference section */
		2C2BD80DD0C1F42D0D7FB5AB /* Pods-SpiralSDK_Tests.release.xcconfig */ = {isa = PBXFileReference; includeInIndex = 1; lastKnownFileType = text.xcconfig; name = "Pods-SpiralSDK_Tests.release.xcconfig"; path = "Target Support Files/Pods-SpiralSDK_Tests/Pods-SpiralSDK_Tests.release.xcconfig"; sourceTree = "<group>"; };
		50EF72394B34AA03254760A3 /* LICENSE */ = {isa = PBXFileReference; includeInIndex = 1; lastKnownFileType = text; name = LICENSE; path = ../LICENSE; sourceTree = "<group>"; };
		552821019817F47BDB8C6B9E /* Pods-SpiralSDK_Tests.debug.xcconfig */ = {isa = PBXFileReference; includeInIndex = 1; lastKnownFileType = text.xcconfig; name = "Pods-SpiralSDK_Tests.debug.xcconfig"; path = "Target Support Files/Pods-SpiralSDK_Tests/Pods-SpiralSDK_Tests.debug.xcconfig"; sourceTree = "<group>"; };
		607FACD01AFB9204008FA782 /* SpiralSDK_Example.app */ = {isa = PBXFileReference; explicitFileType = wrapper.application; includeInIndex = 0; path = SpiralSDK_Example.app; sourceTree = BUILT_PRODUCTS_DIR; };
		607FACD41AFB9204008FA782 /* Info.plist */ = {isa = PBXFileReference; lastKnownFileType = text.plist.xml; path = Info.plist; sourceTree = "<group>"; };
		607FACD51AFB9204008FA782 /* AppDelegate.swift */ = {isa = PBXFileReference; lastKnownFileType = sourcecode.swift; path = AppDelegate.swift; sourceTree = "<group>"; };
		607FACDA1AFB9204008FA782 /* Base */ = {isa = PBXFileReference; lastKnownFileType = file.storyboard; name = Base; path = Base.lproj/Main.storyboard; sourceTree = "<group>"; };
		607FACDC1AFB9204008FA782 /* Images.xcassets */ = {isa = PBXFileReference; lastKnownFileType = folder.assetcatalog; path = Images.xcassets; sourceTree = "<group>"; };
		607FACDF1AFB9204008FA782 /* Base */ = {isa = PBXFileReference; lastKnownFileType = file.xib; name = Base; path = Base.lproj/LaunchScreen.xib; sourceTree = "<group>"; };
		607FACE51AFB9204008FA782 /* SpiralSDK_Tests.xctest */ = {isa = PBXFileReference; explicitFileType = wrapper.cfbundle; includeInIndex = 0; path = SpiralSDK_Tests.xctest; sourceTree = BUILT_PRODUCTS_DIR; };
		607FACEA1AFB9204008FA782 /* Info.plist */ = {isa = PBXFileReference; lastKnownFileType = text.plist.xml; path = Info.plist; sourceTree = "<group>"; };
		607FACEB1AFB9204008FA782 /* Tests.swift */ = {isa = PBXFileReference; lastKnownFileType = sourcecode.swift; path = Tests.swift; sourceTree = "<group>"; };
		6257EED360C8B71EB77764B1 /* Pods-SpiralSDK_Example.release.xcconfig */ = {isa = PBXFileReference; includeInIndex = 1; lastKnownFileType = text.xcconfig; name = "Pods-SpiralSDK_Example.release.xcconfig"; path = "Target Support Files/Pods-SpiralSDK_Example/Pods-SpiralSDK_Example.release.xcconfig"; sourceTree = "<group>"; };
		8F79DA35BA9C7110E6AB2A3E /* Pods_SpiralSDK_Tests.framework */ = {isa = PBXFileReference; explicitFileType = wrapper.framework; includeInIndex = 0; path = Pods_SpiralSDK_Tests.framework; sourceTree = BUILT_PRODUCTS_DIR; };
		9B4A48770C6C252A8D4EC5DA /* Pods_SpiralSDK_Example.framework */ = {isa = PBXFileReference; explicitFileType = wrapper.framework; includeInIndex = 0; path = Pods_SpiralSDK_Example.framework; sourceTree = BUILT_PRODUCTS_DIR; };
		D50DCB7E26D0192700749B5A /* APISecret.swift.gyb */ = {isa = PBXFileReference; fileEncoding = 4; lastKnownFileType = text; path = APISecret.swift.gyb; sourceTree = "<group>"; };
		D50E5BF726B9F43800593628 /* EventsTableViewController.swift */ = {isa = PBXFileReference; lastKnownFileType = sourcecode.swift; path = EventsTableViewController.swift; sourceTree = "<group>"; };
		D50E5BF926B9F4E200593628 /* EventData.swift */ = {isa = PBXFileReference; lastKnownFileType = sourcecode.swift; path = EventData.swift; sourceTree = "<group>"; };
		D516B5F92564C86600380041 /* SpiralToken.swift */ = {isa = PBXFileReference; lastKnownFileType = sourcecode.swift; path = SpiralToken.swift; sourceTree = "<group>"; };
		D5287FB6276950CA00D21CB4 /* CHANGELOG.md */ = {isa = PBXFileReference; lastKnownFileType = net.daringfireball.markdown; name = CHANGELOG.md; path = ../CHANGELOG.md; sourceTree = "<group>"; };
		D54D75CDC75553B6EB5C9263 /* README.md */ = {isa = PBXFileReference; includeInIndex = 1; lastKnownFileType = net.daringfireball.markdown; name = README.md; path = ../README.md; sourceTree = "<group>"; };
		D5C130DF26B857F8009AE1F9 /* SpiralSDK_ExampleUITests.xctest */ = {isa = PBXFileReference; explicitFileType = wrapper.cfbundle; includeInIndex = 0; path = SpiralSDK_ExampleUITests.xctest; sourceTree = BUILT_PRODUCTS_DIR; };
		D5C130E126B857F8009AE1F9 /* SpiralSDK_ExampleUITests.swift */ = {isa = PBXFileReference; lastKnownFileType = sourcecode.swift; path = SpiralSDK_ExampleUITests.swift; sourceTree = "<group>"; };
		D5C130E326B857F8009AE1F9 /* Info.plist */ = {isa = PBXFileReference; lastKnownFileType = text.plist.xml; path = Info.plist; sourceTree = "<group>"; };
		D5F789CC25675E84003E6485 /* SpiralConfigTableViewController.swift */ = {isa = PBXFileReference; lastKnownFileType = sourcecode.swift; path = SpiralConfigTableViewController.swift; sourceTree = "<group>"; };
		D5F789D625677CF8003E6485 /* ConfigEntryViewController.swift */ = {isa = PBXFileReference; lastKnownFileType = sourcecode.swift; path = ConfigEntryViewController.swift; sourceTree = "<group>"; };
		EDF1E1A86E177030EBD5A21E /* Pods-SpiralSDK_Example.debug.xcconfig */ = {isa = PBXFileReference; includeInIndex = 1; lastKnownFileType = text.xcconfig; name = "Pods-SpiralSDK_Example.debug.xcconfig"; path = "Target Support Files/Pods-SpiralSDK_Example/Pods-SpiralSDK_Example.debug.xcconfig"; sourceTree = "<group>"; };
		F0459245F3C7850DA8DB35F2 /* SpiralSDK.podspec */ = {isa = PBXFileReference; includeInIndex = 1; lastKnownFileType = text; name = SpiralSDK.podspec; path = ../SpiralSDK.podspec; sourceTree = "<group>"; xcLanguageSpecificationIdentifier = xcode.lang.ruby; };
		F53B63CE291AF61000A76C5F /* ImpactSummaryCard.swift */ = {isa = PBXFileReference; lastKnownFileType = sourcecode.swift; path = ImpactSummaryCard.swift; sourceTree = "<group>"; };
		F5B6C50329252DDE00086C7F /* impactSummaryCard.json */ = {isa = PBXFileReference; lastKnownFileType = text.json; path = impactSummaryCard.json; sourceTree = "<group>"; };
		F5BD6D6A2901C18100A5E5CE /* TestModalCard.swift */ = {isa = PBXFileReference; fileEncoding = 4; lastKnownFileType = sourcecode.swift; path = TestModalCard.swift; sourceTree = "<group>"; };
		F5BD6D6B2901C18100A5E5CE /* TestHtmlCard.swift */ = {isa = PBXFileReference; fileEncoding = 4; lastKnownFileType = sourcecode.swift; path = TestHtmlCard.swift; sourceTree = "<group>"; };
		F5BD6D6C2901C18100A5E5CE /* StJudeCard.swift */ = {isa = PBXFileReference; fileEncoding = 4; lastKnownFileType = sourcecode.swift; path = StJudeCard.swift; sourceTree = "<group>"; };
		F5BD6D6D2901C18100A5E5CE /* stJudeCard.json */ = {isa = PBXFileReference; fileEncoding = 4; lastKnownFileType = text.json; path = stJudeCard.json; sourceTree = "<group>"; };
		F5BD6D6E2901C18100A5E5CE /* testHtmlCard.json */ = {isa = PBXFileReference; fileEncoding = 4; lastKnownFileType = text.json; path = testHtmlCard.json; sourceTree = "<group>"; };
		F5BD6D6F2901C18100A5E5CE /* GenericCardTestFacility.swift */ = {isa = PBXFileReference; fileEncoding = 4; lastKnownFileType = sourcecode.swift; path = GenericCardTestFacility.swift; sourceTree = "<group>"; };
/* End PBXFileReference section */

/* Begin PBXFrameworksBuildPhase section */
		607FACCD1AFB9204008FA782 /* Frameworks */ = {
			isa = PBXFrameworksBuildPhase;
			buildActionMask = 2147483647;
			files = (
				607E92E5AFE31D9F5F524A49 /* Pods_SpiralSDK_Example.framework in Frameworks */,
			);
			runOnlyForDeploymentPostprocessing = 0;
		};
		607FACE21AFB9204008FA782 /* Frameworks */ = {
			isa = PBXFrameworksBuildPhase;
			buildActionMask = 2147483647;
			files = (
				6EF8EE36AAE269BB7738127D /* Pods_SpiralSDK_Tests.framework in Frameworks */,
			);
			runOnlyForDeploymentPostprocessing = 0;
		};
		D5C130DC26B857F8009AE1F9 /* Frameworks */ = {
			isa = PBXFrameworksBuildPhase;
			buildActionMask = 2147483647;
			files = (
			);
			runOnlyForDeploymentPostprocessing = 0;
		};
/* End PBXFrameworksBuildPhase section */

/* Begin PBXGroup section */
		06A728E260D5164C2EC248EF /* Frameworks */ = {
			isa = PBXGroup;
			children = (
				9B4A48770C6C252A8D4EC5DA /* Pods_SpiralSDK_Example.framework */,
				8F79DA35BA9C7110E6AB2A3E /* Pods_SpiralSDK_Tests.framework */,
			);
			name = Frameworks;
			sourceTree = "<group>";
		};
		1D44B6AAC765CA639E4CDB27 /* Pods */ = {
			isa = PBXGroup;
			children = (
				EDF1E1A86E177030EBD5A21E /* Pods-SpiralSDK_Example.debug.xcconfig */,
				6257EED360C8B71EB77764B1 /* Pods-SpiralSDK_Example.release.xcconfig */,
				552821019817F47BDB8C6B9E /* Pods-SpiralSDK_Tests.debug.xcconfig */,
				2C2BD80DD0C1F42D0D7FB5AB /* Pods-SpiralSDK_Tests.release.xcconfig */,
			);
			path = Pods;
			sourceTree = "<group>";
		};
		607FACC71AFB9204008FA782 = {
			isa = PBXGroup;
			children = (
				607FACF51AFB993E008FA782 /* Podspec Metadata */,
				607FACD21AFB9204008FA782 /* Example for SpiralSDK */,
				607FACE81AFB9204008FA782 /* Tests */,
				D5C130E026B857F8009AE1F9 /* SpiralSDK_ExampleUITests */,
				607FACD11AFB9204008FA782 /* Products */,
				1D44B6AAC765CA639E4CDB27 /* Pods */,
				06A728E260D5164C2EC248EF /* Frameworks */,
			);
			sourceTree = "<group>";
		};
		607FACD11AFB9204008FA782 /* Products */ = {
			isa = PBXGroup;
			children = (
				607FACD01AFB9204008FA782 /* SpiralSDK_Example.app */,
				607FACE51AFB9204008FA782 /* SpiralSDK_Tests.xctest */,
				D5C130DF26B857F8009AE1F9 /* SpiralSDK_ExampleUITests.xctest */,
			);
			name = Products;
			sourceTree = "<group>";
		};
		607FACD21AFB9204008FA782 /* Example for SpiralSDK */ = {
			isa = PBXGroup;
			children = (
				D50DCB7E26D0192700749B5A /* APISecret.swift.gyb */,
				607FACD51AFB9204008FA782 /* AppDelegate.swift */,
				D5F789D625677CF8003E6485 /* ConfigEntryViewController.swift */,
				D50E5BF926B9F4E200593628 /* EventData.swift */,
				D50E5BF726B9F43800593628 /* EventsTableViewController.swift */,
				607FACDC1AFB9204008FA782 /* Images.xcassets */,
				607FACDE1AFB9204008FA782 /* LaunchScreen.xib */,
				D5F789CC25675E84003E6485 /* SpiralConfigTableViewController.swift */,
				D516B5F92564C86600380041 /* SpiralToken.swift */,
				607FACD91AFB9204008FA782 /* Main.storyboard */,
				607FACD31AFB9204008FA782 /* Supporting Files */,
			);
			name = "Example for SpiralSDK";
			path = SpiralSDK;
			sourceTree = "<group>";
		};
		607FACD31AFB9204008FA782 /* Supporting Files */ = {
			isa = PBXGroup;
			children = (
				607FACD41AFB9204008FA782 /* Info.plist */,
			);
			name = "Supporting Files";
			sourceTree = "<group>";
		};
		607FACE81AFB9204008FA782 /* Tests */ = {
			isa = PBXGroup;
			children = (
				F5BD6D692901C18100A5E5CE /* GenericCardTest */,
				607FACEB1AFB9204008FA782 /* Tests.swift */,
				607FACE91AFB9204008FA782 /* Supporting Files */,
			);
			path = Tests;
			sourceTree = "<group>";
		};
		607FACE91AFB9204008FA782 /* Supporting Files */ = {
			isa = PBXGroup;
			children = (
				607FACEA1AFB9204008FA782 /* Info.plist */,
			);
			name = "Supporting Files";
			sourceTree = "<group>";
		};
		607FACF51AFB993E008FA782 /* Podspec Metadata */ = {
			isa = PBXGroup;
			children = (
				F0459245F3C7850DA8DB35F2 /* SpiralSDK.podspec */,
				D54D75CDC75553B6EB5C9263 /* README.md */,
				50EF72394B34AA03254760A3 /* LICENSE */,
				D5287FB6276950CA00D21CB4 /* CHANGELOG.md */,
			);
			name = "Podspec Metadata";
			sourceTree = "<group>";
		};
		D5C130E026B857F8009AE1F9 /* SpiralSDK_ExampleUITests */ = {
			isa = PBXGroup;
			children = (
				D5C130E126B857F8009AE1F9 /* SpiralSDK_ExampleUITests.swift */,
				D5C130E326B857F8009AE1F9 /* Info.plist */,
			);
			path = SpiralSDK_ExampleUITests;
			sourceTree = "<group>";
		};
		F5BD6D692901C18100A5E5CE /* GenericCardTest */ = {
			isa = PBXGroup;
			children = (
				F5BD6D6A2901C18100A5E5CE /* TestModalCard.swift */,
				F5BD6D6B2901C18100A5E5CE /* TestHtmlCard.swift */,
				F5BD6D6C2901C18100A5E5CE /* StJudeCard.swift */,
				F5BD6D6D2901C18100A5E5CE /* stJudeCard.json */,
				F5BD6D6E2901C18100A5E5CE /* testHtmlCard.json */,
				F53B63CE291AF61000A76C5F /* ImpactSummaryCard.swift */,
				F5B6C50329252DDE00086C7F /* impactSummaryCard.json */,
				F5BD6D6F2901C18100A5E5CE /* GenericCardTestFacility.swift */,
			);
			path = GenericCardTest;
			sourceTree = "<group>";
		};
/* End PBXGroup section */

/* Begin PBXNativeTarget section */
		607FACCF1AFB9204008FA782 /* SpiralSDK_Example */ = {
			isa = PBXNativeTarget;
			buildConfigurationList = 607FACEF1AFB9204008FA782 /* Build configuration list for PBXNativeTarget "SpiralSDK_Example" */;
			buildPhases = (
				21EF3E58BD830CAA75892FD8 /* [CP] Check Pods Manifest.lock */,
				607FACCC1AFB9204008FA782 /* Sources */,
				607FACCD1AFB9204008FA782 /* Frameworks */,
				607FACCE1AFB9204008FA782 /* Resources */,
				37CB8F770D4C95D767AEDA52 /* [CP] Embed Pods Frameworks */,
			);
			buildRules = (
				D50DCB7D26D0176900749B5A /* PBXBuildRule */,
			);
			dependencies = (
			);
			name = SpiralSDK_Example;
			productName = SpiralSDK;
			productReference = 607FACD01AFB9204008FA782 /* SpiralSDK_Example.app */;
			productType = "com.apple.product-type.application";
		};
		607FACE41AFB9204008FA782 /* SpiralSDK_Tests */ = {
			isa = PBXNativeTarget;
			buildConfigurationList = 607FACF21AFB9204008FA782 /* Build configuration list for PBXNativeTarget "SpiralSDK_Tests" */;
			buildPhases = (
				8048C11D42E74BA831D59E80 /* [CP] Check Pods Manifest.lock */,
				607FACE11AFB9204008FA782 /* Sources */,
				607FACE21AFB9204008FA782 /* Frameworks */,
				607FACE31AFB9204008FA782 /* Resources */,
				0E16720EDD98FBFC3F2C428C /* [CP] Embed Pods Frameworks */,
			);
			buildRules = (
			);
			dependencies = (
				607FACE71AFB9204008FA782 /* PBXTargetDependency */,
			);
			name = SpiralSDK_Tests;
			productName = Tests;
			productReference = 607FACE51AFB9204008FA782 /* SpiralSDK_Tests.xctest */;
			productType = "com.apple.product-type.bundle.unit-test";
		};
		D5C130DE26B857F8009AE1F9 /* SpiralSDK_ExampleUITests */ = {
			isa = PBXNativeTarget;
			buildConfigurationList = D5C130E826B857F8009AE1F9 /* Build configuration list for PBXNativeTarget "SpiralSDK_ExampleUITests" */;
			buildPhases = (
				D5C130DB26B857F8009AE1F9 /* Sources */,
				D5C130DC26B857F8009AE1F9 /* Frameworks */,
				D5C130DD26B857F8009AE1F9 /* Resources */,
			);
			buildRules = (
			);
			dependencies = (
				D5C130E526B857F8009AE1F9 /* PBXTargetDependency */,
			);
			name = SpiralSDK_ExampleUITests;
			productName = SpiralSDK_ExampleUITests;
			productReference = D5C130DF26B857F8009AE1F9 /* SpiralSDK_ExampleUITests.xctest */;
			productType = "com.apple.product-type.bundle.ui-testing";
		};
/* End PBXNativeTarget section */

/* Begin PBXProject section */
		607FACC81AFB9204008FA782 /* Project object */ = {
			isa = PBXProject;
			attributes = {
				LastSwiftUpdateCheck = 1250;
				LastUpgradeCheck = 1340;
				ORGANIZATIONNAME = CocoaPods;
				TargetAttributes = {
					607FACCF1AFB9204008FA782 = {
						CreatedOnToolsVersion = 6.3.1;
						DevelopmentTeam = 9382682MKT;
						LastSwiftMigration = 0900;
						ProvisioningStyle = Manual;
					};
					607FACE41AFB9204008FA782 = {
						CreatedOnToolsVersion = 6.3.1;
						DevelopmentTeam = 9382682MKT;
						LastSwiftMigration = 0900;
						ProvisioningStyle = Automatic;
						TestTargetID = 607FACCF1AFB9204008FA782;
					};
					D5C130DE26B857F8009AE1F9 = {
						CreatedOnToolsVersion = 12.5.1;
						DevelopmentTeam = 9382682MKT;
						ProvisioningStyle = Manual;
						TestTargetID = 607FACCF1AFB9204008FA782;
					};
				};
			};
			buildConfigurationList = 607FACCB1AFB9204008FA782 /* Build configuration list for PBXProject "SpiralSDK" */;
			compatibilityVersion = "Xcode 3.2";
			developmentRegion = en;
			hasScannedForEncodings = 0;
			knownRegions = (
				en,
				Base,
			);
			mainGroup = 607FACC71AFB9204008FA782;
			productRefGroup = 607FACD11AFB9204008FA782 /* Products */;
			projectDirPath = "";
			projectRoot = "";
			targets = (
				607FACCF1AFB9204008FA782 /* SpiralSDK_Example */,
				607FACE41AFB9204008FA782 /* SpiralSDK_Tests */,
				D5C130DE26B857F8009AE1F9 /* SpiralSDK_ExampleUITests */,
			);
		};
/* End PBXProject section */

/* Begin PBXResourcesBuildPhase section */
		607FACCE1AFB9204008FA782 /* Resources */ = {
			isa = PBXResourcesBuildPhase;
			buildActionMask = 2147483647;
			files = (
				F5BD6D762901C18200A5E5CE /* stJudeCard.json in Resources */,
				607FACDB1AFB9204008FA782 /* Main.storyboard in Resources */,
				607FACE01AFB9204008FA782 /* LaunchScreen.xib in Resources */,
				607FACDD1AFB9204008FA782 /* Images.xcassets in Resources */,
				F5B6C50429252DDE00086C7F /* impactSummaryCard.json in Resources */,
				F5BD6D782901C18200A5E5CE /* testHtmlCard.json in Resources */,
			);
			runOnlyForDeploymentPostprocessing = 0;
		};
		607FACE31AFB9204008FA782 /* Resources */ = {
			isa = PBXResourcesBuildPhase;
			buildActionMask = 2147483647;
			files = (
				F5BD6D792901C18200A5E5CE /* testHtmlCard.json in Resources */,
				F5B6C50529252DDE00086C7F /* impactSummaryCard.json in Resources */,
				F5BD6D772901C18200A5E5CE /* stJudeCard.json in Resources */,
			);
			runOnlyForDeploymentPostprocessing = 0;
		};
		D5C130DD26B857F8009AE1F9 /* Resources */ = {
			isa = PBXResourcesBuildPhase;
			buildActionMask = 2147483647;
			files = (
			);
			runOnlyForDeploymentPostprocessing = 0;
		};
/* End PBXResourcesBuildPhase section */

/* Begin PBXShellScriptBuildPhase section */
		0E16720EDD98FBFC3F2C428C /* [CP] Embed Pods Frameworks */ = {
			isa = PBXShellScriptBuildPhase;
			buildActionMask = 2147483647;
			files = (
			);
			inputPaths = (
				"${PODS_ROOT}/Target Support Files/Pods-SpiralSDK_Tests/Pods-SpiralSDK_Tests-frameworks.sh",
				"${BUILT_PRODUCTS_DIR}/Nimble/Nimble.framework",
				"${BUILT_PRODUCTS_DIR}/Quick/Quick.framework",
			);
			name = "[CP] Embed Pods Frameworks";
			outputPaths = (
				"${TARGET_BUILD_DIR}/${FRAMEWORKS_FOLDER_PATH}/Nimble.framework",
				"${TARGET_BUILD_DIR}/${FRAMEWORKS_FOLDER_PATH}/Quick.framework",
			);
			runOnlyForDeploymentPostprocessing = 0;
			shellPath = /bin/sh;
			shellScript = "\"${PODS_ROOT}/Target Support Files/Pods-SpiralSDK_Tests/Pods-SpiralSDK_Tests-frameworks.sh\"\n";
			showEnvVarsInLog = 0;
		};
		21EF3E58BD830CAA75892FD8 /* [CP] Check Pods Manifest.lock */ = {
			isa = PBXShellScriptBuildPhase;
			buildActionMask = 2147483647;
			files = (
			);
			inputFileListPaths = (
			);
			inputPaths = (
				"${PODS_PODFILE_DIR_PATH}/Podfile.lock",
				"${PODS_ROOT}/Manifest.lock",
			);
			name = "[CP] Check Pods Manifest.lock";
			outputFileListPaths = (
			);
			outputPaths = (
				"$(DERIVED_FILE_DIR)/Pods-SpiralSDK_Example-checkManifestLockResult.txt",
			);
			runOnlyForDeploymentPostprocessing = 0;
			shellPath = /bin/sh;
			shellScript = "diff \"${PODS_PODFILE_DIR_PATH}/Podfile.lock\" \"${PODS_ROOT}/Manifest.lock\" > /dev/null\nif [ $? != 0 ] ; then\n    # print error to STDERR\n    echo \"error: The sandbox is not in sync with the Podfile.lock. Run 'pod install' or update your CocoaPods installation.\" >&2\n    exit 1\nfi\n# This output is used by Xcode 'outputs' to avoid re-running this script phase.\necho \"SUCCESS\" > \"${SCRIPT_OUTPUT_FILE_0}\"\n";
			showEnvVarsInLog = 0;
		};
		37CB8F770D4C95D767AEDA52 /* [CP] Embed Pods Frameworks */ = {
			isa = PBXShellScriptBuildPhase;
			buildActionMask = 2147483647;
			files = (
			);
			inputPaths = (
				"${PODS_ROOT}/Target Support Files/Pods-SpiralSDK_Example/Pods-SpiralSDK_Example-frameworks.sh",
				"${BUILT_PRODUCTS_DIR}/SpiralSDK/SpiralSDK.framework",
			);
			name = "[CP] Embed Pods Frameworks";
			outputPaths = (
				"${TARGET_BUILD_DIR}/${FRAMEWORKS_FOLDER_PATH}/SpiralSDK.framework",
			);
			runOnlyForDeploymentPostprocessing = 0;
			shellPath = /bin/sh;
			shellScript = "\"${PODS_ROOT}/Target Support Files/Pods-SpiralSDK_Example/Pods-SpiralSDK_Example-frameworks.sh\"\n";
			showEnvVarsInLog = 0;
		};
		8048C11D42E74BA831D59E80 /* [CP] Check Pods Manifest.lock */ = {
			isa = PBXShellScriptBuildPhase;
			buildActionMask = 2147483647;
			files = (
			);
			inputFileListPaths = (
			);
			inputPaths = (
				"${PODS_PODFILE_DIR_PATH}/Podfile.lock",
				"${PODS_ROOT}/Manifest.lock",
			);
			name = "[CP] Check Pods Manifest.lock";
			outputFileListPaths = (
			);
			outputPaths = (
				"$(DERIVED_FILE_DIR)/Pods-SpiralSDK_Tests-checkManifestLockResult.txt",
			);
			runOnlyForDeploymentPostprocessing = 0;
			shellPath = /bin/sh;
			shellScript = "diff \"${PODS_PODFILE_DIR_PATH}/Podfile.lock\" \"${PODS_ROOT}/Manifest.lock\" > /dev/null\nif [ $? != 0 ] ; then\n    # print error to STDERR\n    echo \"error: The sandbox is not in sync with the Podfile.lock. Run 'pod install' or update your CocoaPods installation.\" >&2\n    exit 1\nfi\n# This output is used by Xcode 'outputs' to avoid re-running this script phase.\necho \"SUCCESS\" > \"${SCRIPT_OUTPUT_FILE_0}\"\n";
			showEnvVarsInLog = 0;
		};
/* End PBXShellScriptBuildPhase section */

/* Begin PBXSourcesBuildPhase section */
		607FACCC1AFB9204008FA782 /* Sources */ = {
			isa = PBXSourcesBuildPhase;
			buildActionMask = 2147483647;
			files = (
				D5F789D725677CF8003E6485 /* ConfigEntryViewController.swift in Sources */,
				D5F789CD25675E84003E6485 /* SpiralConfigTableViewController.swift in Sources */,
				F53B63CF291AF61000A76C5F /* ImpactSummaryCard.swift in Sources */,
				F5BD6D7A2901C18200A5E5CE /* GenericCardTestFacility.swift in Sources */,
				D50E5BFA26B9F4E200593628 /* EventData.swift in Sources */,
				607FACD61AFB9204008FA782 /* AppDelegate.swift in Sources */,
				F5BD6D722901C18200A5E5CE /* TestHtmlCard.swift in Sources */,
				D50E5BF826B9F43800593628 /* EventsTableViewController.swift in Sources */,
				F5BD6D742901C18200A5E5CE /* StJudeCard.swift in Sources */,
				F5BD6D702901C18200A5E5CE /* TestModalCard.swift in Sources */,
				D516B5FA2564C86600380041 /* SpiralToken.swift in Sources */,
			);
			runOnlyForDeploymentPostprocessing = 0;
		};
		607FACE11AFB9204008FA782 /* Sources */ = {
			isa = PBXSourcesBuildPhase;
			buildActionMask = 2147483647;
			files = (
				F5BD6D752901C18200A5E5CE /* StJudeCard.swift in Sources */,
				F5BD6D732901C18200A5E5CE /* TestHtmlCard.swift in Sources */,
				F5BD6D7B2901C18200A5E5CE /* GenericCardTestFacility.swift in Sources */,
				607FACEC1AFB9204008FA782 /* Tests.swift in Sources */,
				F53B63D0291AF61000A76C5F /* ImpactSummaryCard.swift in Sources */,
				F5BD6D712901C18200A5E5CE /* TestModalCard.swift in Sources */,
			);
			runOnlyForDeploymentPostprocessing = 0;
		};
		D5C130DB26B857F8009AE1F9 /* Sources */ = {
			isa = PBXSourcesBuildPhase;
			buildActionMask = 2147483647;
			files = (
				D5C130E226B857F8009AE1F9 /* SpiralSDK_ExampleUITests.swift in Sources */,
			);
			runOnlyForDeploymentPostprocessing = 0;
		};
/* End PBXSourcesBuildPhase section */

/* Begin PBXTargetDependency section */
		607FACE71AFB9204008FA782 /* PBXTargetDependency */ = {
			isa = PBXTargetDependency;
			target = 607FACCF1AFB9204008FA782 /* SpiralSDK_Example */;
			targetProxy = 607FACE61AFB9204008FA782 /* PBXContainerItemProxy */;
		};
		D5C130E526B857F8009AE1F9 /* PBXTargetDependency */ = {
			isa = PBXTargetDependency;
			target = 607FACCF1AFB9204008FA782 /* SpiralSDK_Example */;
			targetProxy = D5C130E426B857F8009AE1F9 /* PBXContainerItemProxy */;
		};
/* End PBXTargetDependency section */

/* Begin PBXVariantGroup section */
		607FACD91AFB9204008FA782 /* Main.storyboard */ = {
			isa = PBXVariantGroup;
			children = (
				607FACDA1AFB9204008FA782 /* Base */,
			);
			name = Main.storyboard;
			sourceTree = "<group>";
		};
		607FACDE1AFB9204008FA782 /* LaunchScreen.xib */ = {
			isa = PBXVariantGroup;
			children = (
				607FACDF1AFB9204008FA782 /* Base */,
			);
			name = LaunchScreen.xib;
			sourceTree = "<group>";
		};
/* End PBXVariantGroup section */

/* Begin XCBuildConfiguration section */
		607FACED1AFB9204008FA782 /* Debug */ = {
			isa = XCBuildConfiguration;
			buildSettings = {
				ALWAYS_SEARCH_USER_PATHS = NO;
				CLANG_ANALYZER_LOCALIZABILITY_NONLOCALIZED = YES;
				CLANG_CXX_LANGUAGE_STANDARD = "gnu++0x";
				CLANG_CXX_LIBRARY = "libc++";
				CLANG_ENABLE_MODULES = YES;
				CLANG_ENABLE_OBJC_ARC = YES;
				CLANG_WARN_BLOCK_CAPTURE_AUTORELEASING = YES;
				CLANG_WARN_BOOL_CONVERSION = YES;
				CLANG_WARN_COMMA = YES;
				CLANG_WARN_CONSTANT_CONVERSION = YES;
				CLANG_WARN_DEPRECATED_OBJC_IMPLEMENTATIONS = YES;
				CLANG_WARN_DIRECT_OBJC_ISA_USAGE = YES_ERROR;
				CLANG_WARN_EMPTY_BODY = YES;
				CLANG_WARN_ENUM_CONVERSION = YES;
				CLANG_WARN_INFINITE_RECURSION = YES;
				CLANG_WARN_INT_CONVERSION = YES;
				CLANG_WARN_NON_LITERAL_NULL_CONVERSION = YES;
				CLANG_WARN_OBJC_IMPLICIT_RETAIN_SELF = YES;
				CLANG_WARN_OBJC_LITERAL_CONVERSION = YES;
				CLANG_WARN_OBJC_ROOT_CLASS = YES_ERROR;
				CLANG_WARN_QUOTED_INCLUDE_IN_FRAMEWORK_HEADER = YES;
				CLANG_WARN_RANGE_LOOP_ANALYSIS = YES;
				CLANG_WARN_STRICT_PROTOTYPES = YES;
				CLANG_WARN_SUSPICIOUS_MOVE = YES;
				CLANG_WARN_UNREACHABLE_CODE = YES;
				CLANG_WARN__DUPLICATE_METHOD_MATCH = YES;
				"CODE_SIGN_IDENTITY[sdk=iphoneos*]" = "iPhone Developer";
				COPY_PHASE_STRIP = NO;
				DEBUG_INFORMATION_FORMAT = "dwarf-with-dsym";
				ENABLE_STRICT_OBJC_MSGSEND = YES;
				ENABLE_TESTABILITY = YES;
				GCC_C_LANGUAGE_STANDARD = gnu99;
				GCC_DYNAMIC_NO_PIC = NO;
				GCC_NO_COMMON_BLOCKS = YES;
				GCC_OPTIMIZATION_LEVEL = 0;
				GCC_PREPROCESSOR_DEFINITIONS = (
					"DEBUG=1",
					"$(inherited)",
				);
				GCC_SYMBOLS_PRIVATE_EXTERN = NO;
				GCC_WARN_64_TO_32_BIT_CONVERSION = YES;
				GCC_WARN_ABOUT_RETURN_TYPE = YES_ERROR;
				GCC_WARN_UNDECLARED_SELECTOR = YES;
				GCC_WARN_UNINITIALIZED_AUTOS = YES_AGGRESSIVE;
				GCC_WARN_UNUSED_FUNCTION = YES;
				GCC_WARN_UNUSED_VARIABLE = YES;
				IPHONEOS_DEPLOYMENT_TARGET = 13.0;
				MTL_ENABLE_DEBUG_INFO = YES;
				ONLY_ACTIVE_ARCH = YES;
				SDKROOT = iphoneos;
				SWIFT_OPTIMIZATION_LEVEL = "-Onone";
			};
			name = Debug;
		};
		607FACEE1AFB9204008FA782 /* Release */ = {
			isa = XCBuildConfiguration;
			buildSettings = {
				ALWAYS_SEARCH_USER_PATHS = NO;
				CLANG_ANALYZER_LOCALIZABILITY_NONLOCALIZED = YES;
				CLANG_CXX_LANGUAGE_STANDARD = "gnu++0x";
				CLANG_CXX_LIBRARY = "libc++";
				CLANG_ENABLE_MODULES = YES;
				CLANG_ENABLE_OBJC_ARC = YES;
				CLANG_WARN_BLOCK_CAPTURE_AUTORELEASING = YES;
				CLANG_WARN_BOOL_CONVERSION = YES;
				CLANG_WARN_COMMA = YES;
				CLANG_WARN_CONSTANT_CONVERSION = YES;
				CLANG_WARN_DEPRECATED_OBJC_IMPLEMENTATIONS = YES;
				CLANG_WARN_DIRECT_OBJC_ISA_USAGE = YES_ERROR;
				CLANG_WARN_EMPTY_BODY = YES;
				CLANG_WARN_ENUM_CONVERSION = YES;
				CLANG_WARN_INFINITE_RECURSION = YES;
				CLANG_WARN_INT_CONVERSION = YES;
				CLANG_WARN_NON_LITERAL_NULL_CONVERSION = YES;
				CLANG_WARN_OBJC_IMPLICIT_RETAIN_SELF = YES;
				CLANG_WARN_OBJC_LITERAL_CONVERSION = YES;
				CLANG_WARN_OBJC_ROOT_CLASS = YES_ERROR;
				CLANG_WARN_QUOTED_INCLUDE_IN_FRAMEWORK_HEADER = YES;
				CLANG_WARN_RANGE_LOOP_ANALYSIS = YES;
				CLANG_WARN_STRICT_PROTOTYPES = YES;
				CLANG_WARN_SUSPICIOUS_MOVE = YES;
				CLANG_WARN_UNREACHABLE_CODE = YES;
				CLANG_WARN__DUPLICATE_METHOD_MATCH = YES;
				"CODE_SIGN_IDENTITY[sdk=iphoneos*]" = "iPhone Developer";
				COPY_PHASE_STRIP = NO;
				DEBUG_INFORMATION_FORMAT = "dwarf-with-dsym";
				ENABLE_NS_ASSERTIONS = NO;
				ENABLE_STRICT_OBJC_MSGSEND = YES;
				GCC_C_LANGUAGE_STANDARD = gnu99;
				GCC_NO_COMMON_BLOCKS = YES;
				GCC_WARN_64_TO_32_BIT_CONVERSION = YES;
				GCC_WARN_ABOUT_RETURN_TYPE = YES_ERROR;
				GCC_WARN_UNDECLARED_SELECTOR = YES;
				GCC_WARN_UNINITIALIZED_AUTOS = YES_AGGRESSIVE;
				GCC_WARN_UNUSED_FUNCTION = YES;
				GCC_WARN_UNUSED_VARIABLE = YES;
				IPHONEOS_DEPLOYMENT_TARGET = 13.0;
				MTL_ENABLE_DEBUG_INFO = NO;
				SDKROOT = iphoneos;
				SWIFT_OPTIMIZATION_LEVEL = "-Owholemodule";
				VALIDATE_PRODUCT = YES;
			};
			name = Release;
		};
		607FACF01AFB9204008FA782 /* Debug */ = {
			isa = XCBuildConfiguration;
			baseConfigurationReference = EDF1E1A86E177030EBD5A21E /* Pods-SpiralSDK_Example.debug.xcconfig */;
			buildSettings = {
				ASSETCATALOG_COMPILER_APPICON_NAME = AppIcon;
				CODE_SIGN_IDENTITY = "iPhone Developer";
				CODE_SIGN_STYLE = Manual;
				DEVELOPMENT_TEAM = 9382682MKT;
				INFOPLIST_FILE = SpiralSDK/Info.plist;
				IPHONEOS_DEPLOYMENT_TARGET = 13.0;
				LD_RUNPATH_SEARCH_PATHS = "$(inherited) @executable_path/Frameworks";
				MODULE_NAME = ExampleApp;
				PRODUCT_BUNDLE_IDENTIFIER = "us.spiral.sdk-example";
				PRODUCT_NAME = "$(TARGET_NAME)";
				PROVISIONING_PROFILE_SPECIFIER = "match Development us.spiral.SpirallSDK-Example";
				SWIFT_SWIFT3_OBJC_INFERENCE = Default;
				SWIFT_VERSION = 4.0;
			};
			name = Debug;
		};
		607FACF11AFB9204008FA782 /* Release */ = {
			isa = XCBuildConfiguration;
			baseConfigurationReference = 6257EED360C8B71EB77764B1 /* Pods-SpiralSDK_Example.release.xcconfig */;
			buildSettings = {
				ASSETCATALOG_COMPILER_APPICON_NAME = AppIcon;
				CODE_SIGN_IDENTITY = "iPhone Developer";
				CODE_SIGN_STYLE = Manual;
				DEVELOPMENT_TEAM = 9382682MKT;
				INFOPLIST_FILE = SpiralSDK/Info.plist;
				IPHONEOS_DEPLOYMENT_TARGET = 13.0;
				LD_RUNPATH_SEARCH_PATHS = "$(inherited) @executable_path/Frameworks";
				MODULE_NAME = ExampleApp;
				PRODUCT_BUNDLE_IDENTIFIER = "us.spiral.sdk-example";
				PRODUCT_NAME = "$(TARGET_NAME)";
				PROVISIONING_PROFILE_SPECIFIER = "match Development us.spiral.SpirallSDK-Example";
				SWIFT_SWIFT3_OBJC_INFERENCE = Default;
				SWIFT_VERSION = 4.0;
			};
			name = Release;
		};
		607FACF31AFB9204008FA782 /* Debug */ = {
			isa = XCBuildConfiguration;
			baseConfigurationReference = 552821019817F47BDB8C6B9E /* Pods-SpiralSDK_Tests.debug.xcconfig */;
			buildSettings = {
				CODE_SIGN_IDENTITY = "Apple Development";
				"CODE_SIGN_IDENTITY[sdk=macosx*]" = "Apple Development";
				CODE_SIGN_STYLE = Automatic;
				DEVELOPMENT_TEAM = 9382682MKT;
				FRAMEWORK_SEARCH_PATHS = (
					"$(PLATFORM_DIR)/Developer/Library/Frameworks",
					"$(inherited)",
				);
				GCC_PREPROCESSOR_DEFINITIONS = (
					"DEBUG=1",
					"$(inherited)",
				);
				INFOPLIST_FILE = Tests/Info.plist;
				LD_RUNPATH_SEARCH_PATHS = "$(inherited) @executable_path/Frameworks @loader_path/Frameworks";
				PRODUCT_BUNDLE_IDENTIFIER = "org.cocoapods.$(PRODUCT_NAME:rfc1034identifier)";
				PRODUCT_NAME = "$(TARGET_NAME)";
				PROVISIONING_PROFILE_SPECIFIER = "";
				"PROVISIONING_PROFILE_SPECIFIER[sdk=macosx*]" = "";
				SWIFT_SWIFT3_OBJC_INFERENCE = Default;
				SWIFT_VERSION = 4.0;
				TEST_HOST = "$(BUILT_PRODUCTS_DIR)/SpiralSDK_Example.app/SpiralSDK_Example";
			};
			name = Debug;
		};
		607FACF41AFB9204008FA782 /* Release */ = {
			isa = XCBuildConfiguration;
			baseConfigurationReference = 2C2BD80DD0C1F42D0D7FB5AB /* Pods-SpiralSDK_Tests.release.xcconfig */;
			buildSettings = {
				CODE_SIGN_IDENTITY = "Apple Development";
				"CODE_SIGN_IDENTITY[sdk=macosx*]" = "Apple Development";
				CODE_SIGN_STYLE = Automatic;
				DEVELOPMENT_TEAM = 9382682MKT;
				FRAMEWORK_SEARCH_PATHS = (
					"$(PLATFORM_DIR)/Developer/Library/Frameworks",
					"$(inherited)",
				);
				INFOPLIST_FILE = Tests/Info.plist;
				LD_RUNPATH_SEARCH_PATHS = "$(inherited) @executable_path/Frameworks @loader_path/Frameworks";
				PRODUCT_BUNDLE_IDENTIFIER = "org.cocoapods.$(PRODUCT_NAME:rfc1034identifier)";
				PRODUCT_NAME = "$(TARGET_NAME)";
				PROVISIONING_PROFILE_SPECIFIER = "";
				"PROVISIONING_PROFILE_SPECIFIER[sdk=macosx*]" = "";
				SWIFT_SWIFT3_OBJC_INFERENCE = Default;
				SWIFT_VERSION = 4.0;
				TEST_HOST = "$(BUILT_PRODUCTS_DIR)/SpiralSDK_Example.app/SpiralSDK_Example";
			};
			name = Release;
		};
		D5C130E626B857F8009AE1F9 /* Debug */ = {
			isa = XCBuildConfiguration;
			buildSettings = {
				CLANG_ANALYZER_NONNULL = YES;
				CLANG_ANALYZER_NUMBER_OBJECT_CONVERSION = YES_AGGRESSIVE;
				CLANG_CXX_LANGUAGE_STANDARD = "gnu++14";
				CLANG_ENABLE_OBJC_WEAK = YES;
				CLANG_WARN_DOCUMENTATION_COMMENTS = YES;
				CLANG_WARN_UNGUARDED_AVAILABILITY = YES_AGGRESSIVE;
				CODE_SIGN_IDENTITY = "iPhone Developer";
				"CODE_SIGN_IDENTITY[sdk=macosx*]" = "Apple Development";
				CODE_SIGN_STYLE = Manual;
				DEBUG_INFORMATION_FORMAT = dwarf;
				DEVELOPMENT_TEAM = 9382682MKT;
				GCC_C_LANGUAGE_STANDARD = gnu11;
				INFOPLIST_FILE = SpiralSDK_ExampleUITests/Info.plist;
				IPHONEOS_DEPLOYMENT_TARGET = 13.0;
				LD_RUNPATH_SEARCH_PATHS = "$(inherited) @executable_path/Frameworks @loader_path/Frameworks";
				MTL_ENABLE_DEBUG_INFO = INCLUDE_SOURCE;
				MTL_FAST_MATH = YES;
				PRODUCT_BUNDLE_IDENTIFIER = "us.spiral.SpiralSDK-ExampleUITests";
				"PRODUCT_BUNDLE_IDENTIFIER[sdk=iphoneos*]" = "";
				"PRODUCT_BUNDLE_IDENTIFIER[sdk=macosx*]" = "";
				PRODUCT_NAME = "$(TARGET_NAME)";
				PROVISIONING_PROFILE_SPECIFIER = "match Development us.spiral.SpiralSDK-ExampleUITests";
				"PROVISIONING_PROFILE_SPECIFIER[sdk=macosx*]" = "";
				SWIFT_ACTIVE_COMPILATION_CONDITIONS = DEBUG;
				SWIFT_VERSION = 5.0;
				TARGETED_DEVICE_FAMILY = "1,2";
				TEST_TARGET_NAME = SpiralSDK_Example;
			};
			name = Debug;
		};
		D5C130E726B857F8009AE1F9 /* Release */ = {
			isa = XCBuildConfiguration;
			buildSettings = {
				CLANG_ANALYZER_NONNULL = YES;
				CLANG_ANALYZER_NUMBER_OBJECT_CONVERSION = YES_AGGRESSIVE;
				CLANG_CXX_LANGUAGE_STANDARD = "gnu++14";
				CLANG_ENABLE_OBJC_WEAK = YES;
				CLANG_WARN_DOCUMENTATION_COMMENTS = YES;
				CLANG_WARN_UNGUARDED_AVAILABILITY = YES_AGGRESSIVE;
				CODE_SIGN_IDENTITY = "iPhone Developer";
				"CODE_SIGN_IDENTITY[sdk=macosx*]" = "Apple Development";
				CODE_SIGN_STYLE = Manual;
				DEVELOPMENT_TEAM = 9382682MKT;
				GCC_C_LANGUAGE_STANDARD = gnu11;
				INFOPLIST_FILE = SpiralSDK_ExampleUITests/Info.plist;
				IPHONEOS_DEPLOYMENT_TARGET = 13.0;
				LD_RUNPATH_SEARCH_PATHS = "$(inherited) @executable_path/Frameworks @loader_path/Frameworks";
				MTL_FAST_MATH = YES;
				PRODUCT_BUNDLE_IDENTIFIER = "us.spiral.SpiralSDK-ExampleUITests";
				"PRODUCT_BUNDLE_IDENTIFIER[sdk=iphoneos*]" = "";
				"PRODUCT_BUNDLE_IDENTIFIER[sdk=macosx*]" = "";
				PRODUCT_NAME = "$(TARGET_NAME)";
				PROVISIONING_PROFILE_SPECIFIER = "match Development us.spiral.SpiralSDK-ExampleUITests";
				"PROVISIONING_PROFILE_SPECIFIER[sdk=macosx*]" = "";
				SWIFT_VERSION = 5.0;
				TARGETED_DEVICE_FAMILY = "1,2";
				TEST_TARGET_NAME = SpiralSDK_Example;
			};
			name = Release;
		};
/* End XCBuildConfiguration section */

/* Begin XCConfigurationList section */
		607FACCB1AFB9204008FA782 /* Build configuration list for PBXProject "SpiralSDK" */ = {
			isa = XCConfigurationList;
			buildConfigurations = (
				607FACED1AFB9204008FA782 /* Debug */,
				607FACEE1AFB9204008FA782 /* Release */,
			);
			defaultConfigurationIsVisible = 0;
			defaultConfigurationName = Release;
		};
		607FACEF1AFB9204008FA782 /* Build configuration list for PBXNativeTarget "SpiralSDK_Example" */ = {
			isa = XCConfigurationList;
			buildConfigurations = (
				607FACF01AFB9204008FA782 /* Debug */,
				607FACF11AFB9204008FA782 /* Release */,
			);
			defaultConfigurationIsVisible = 0;
			defaultConfigurationName = Release;
		};
		607FACF21AFB9204008FA782 /* Build configuration list for PBXNativeTarget "SpiralSDK_Tests" */ = {
			isa = XCConfigurationList;
			buildConfigurations = (
				607FACF31AFB9204008FA782 /* Debug */,
				607FACF41AFB9204008FA782 /* Release */,
			);
			defaultConfigurationIsVisible = 0;
			defaultConfigurationName = Release;
		};
		D5C130E826B857F8009AE1F9 /* Build configuration list for PBXNativeTarget "SpiralSDK_ExampleUITests" */ = {
			isa = XCConfigurationList;
			buildConfigurations = (
				D5C130E626B857F8009AE1F9 /* Debug */,
				D5C130E726B857F8009AE1F9 /* Release */,
			);
			defaultConfigurationIsVisible = 0;
			defaultConfigurationName = Release;
		};
/* End XCConfigurationList section */
	};
	rootObject = 607FACC81AFB9204008FA782 /* Project object */;
}
